
Microsoft Visual Studio Solution File, Format Version 12.00
# Visual Studio Version 16
VisualStudioVersion = 16.0.29613.14
MinimumVisualStudioVersion = 10.0.40219.1
Project("{FAE04EC0-301F-11D3-BF4B-00C04F79EFBC}") = "ResidentManagmentAPI", "ResidentManagmentAPI.csproj", "{D9926CCC-49A5-4571-A1A9-8B3F3AF38C24}"
EndProject
Global
	GlobalSection(SolutionConfigurationPlatforms) = preSolution
		Debug|Any CPU = Debug|Any CPU
		Release|Any CPU = Release|Any CPU
	EndGlobalSection
	GlobalSection(ProjectConfigurationPlatforms) = postSolution
		{D9926CCC-49A5-4571-A1A9-8B3F3AF38C24}.Debug|Any CPU.ActiveCfg = Debug|Any CPU
		{D9926CCC-49A5-4571-A1A9-8B3F3AF38C24}.Debug|Any CPU.Build.0 = Debug|Any CPU
		{D9926CCC-49A5-4571-A1A9-8B3F3AF38C24}.Release|Any CPU.ActiveCfg = Release|Any CPU
		{D9926CCC-49A5-4571-A1A9-8B3F3AF38C24}.Release|Any CPU.Build.0 = Release|Any CPU
	EndGlobalSection
	GlobalSection(SolutionProperties) = preSolution
		HideSolutionNode = FALSE
	EndGlobalSection
	GlobalSection(ExtensibilityGlobals) = postSolution
		SolutionGuid = {83EA008F-35EF-4AB6-9B52-F6E1A634624A}
	EndGlobalSection
EndGlobal
